
Microsoft Visual Studio Solution File, Format Version 12.00
# Visual Studio Version 16
VisualStudioVersion = 16.0.31515.178
MinimumVisualStudioVersion = 10.0.40219.1
Project("{FAE04EC0-301F-11D3-BF4B-00C04F79EFBC}") = "registroApi", "registroApi\registroApi.csproj", "{DA3008D3-894E-468C-8543-78832466E6F6}"
EndProject
Global
	GlobalSection(SolutionConfigurationPlatforms) = preSolution
		Debug|Any CPU = Debug|Any CPU
		Release|Any CPU = Release|Any CPU
	EndGlobalSection
	GlobalSection(ProjectConfigurationPlatforms) = postSolution
		{DA3008D3-894E-468C-8543-78832466E6F6}.Debug|Any CPU.ActiveCfg = Debug|Any CPU
		{DA3008D3-894E-468C-8543-78832466E6F6}.Debug|Any CPU.Build.0 = Debug|Any CPU
		{DA3008D3-894E-468C-8543-78832466E6F6}.Release|Any CPU.ActiveCfg = Release|Any CPU
		{DA3008D3-894E-468C-8543-78832466E6F6}.Release|Any CPU.Build.0 = Release|Any CPU
	EndGlobalSection
	GlobalSection(SolutionProperties) = preSolution
		HideSolutionNode = FALSE
	EndGlobalSection
	GlobalSection(ExtensibilityGlobals) = postSolution
		SolutionGuid = {834C64D0-CF2E-4620-80A8-BF5AA04FDEBC}
	EndGlobalSection
EndGlobal
